
Microsoft Visual Studio Solution File, Format Version 12.00
# Visual Studio Version 16
VisualStudioVersion = 16.0.30711.63
MinimumVisualStudioVersion = 10.0.40219.1
Project("{8BC9CEB8-8B4A-11D0-8D11-00A0C91BC942}") = "CW4_Animation", "CW4_Animation\CW4_Animation.vcxproj", "{697F6BB5-74F7-4B44-B1D9-84DCEECDA002}"
EndProject
Global
	GlobalSection(SolutionConfigurationPlatforms) = preSolution
		Debug|x64 = Debug|x64
		Debug|x86 = Debug|x86
		Release|x64 = Release|x64
		Release|x86 = Release|x86
	EndGlobalSection
	GlobalSection(ProjectConfigurationPlatforms) = postSolution
		{697F6BB5-74F7-4B44-B1D9-84DCEECDA002}.Debug|x64.ActiveCfg = Debug|x64
		{697F6BB5-74F7-4B44-B1D9-84DCEECDA002}.Debug|x64.Build.0 = Debug|x64
		{697F6BB5-74F7-4B44-B1D9-84DCEECDA002}.Debug|x86.ActiveCfg = Debug|Win32
		{697F6BB5-74F7-4B44-B1D9-84DCEECDA002}.Debug|x86.Build.0 = Debug|Win32
		{697F6BB5-74F7-4B44-B1D9-84DCEECDA002}.Release|x64.ActiveCfg = Release|x64
		{697F6BB5-74F7-4B44-B1D9-84DCEECDA002}.Release|x64.Build.0 = Release|x64
		{697F6BB5-74F7-4B44-B1D9-84DCEECDA002}.Release|x86.ActiveCfg = Release|Win32
		{697F6BB5-74F7-4B44-B1D9-84DCEECDA002}.Release|x86.Build.0 = Release|Win32
	EndGlobalSection
	GlobalSection(SolutionProperties) = preSolution
		HideSolutionNode = FALSE
	EndGlobalSection
	GlobalSection(ExtensibilityGlobals) = postSolution
		SolutionGuid = {4E693EE1-100C-456E-BF8C-60DA6B461ED4}
	EndGlobalSection
EndGlobal
